
Microsoft Visual Studio Solution File, Format Version 11.00
# Visual C# Express 2010
Project("{FAE04EC0-301F-11D3-BF4B-00C04F79EFBC}") = "ConsoleApplication2", "..\..\Visual Studio 2010\Projects\ConsoleApplication2\ConsoleApplication2.csproj", "{1419E934-5011-4F6A-9929-9BDC88A08836}"
EndProject
Project("{FAE04EC0-301F-11D3-BF4B-00C04F79EFBC}") = "ConsoleApplication1", "ConsoleApplication1\ConsoleApplication1.csproj", "{7B00FD3E-E8DC-4D5A-9F26-EB17E5021AE7}"
EndProject
Global
	GlobalSection(SolutionConfigurationPlatforms) = preSolution
		Debug|x86 = Debug|x86
		Release|x86 = Release|x86
	EndGlobalSection
	GlobalSection(ProjectConfigurationPlatforms) = postSolution
		{1419E934-5011-4F6A-9929-9BDC88A08836}.Debug|x86.ActiveCfg = Debug|x86
		{1419E934-5011-4F6A-9929-9BDC88A08836}.Debug|x86.Build.0 = Debug|x86
		{1419E934-5011-4F6A-9929-9BDC88A08836}.Release|x86.ActiveCfg = Release|x86
		{1419E934-5011-4F6A-9929-9BDC88A08836}.Release|x86.Build.0 = Release|x86
		{7B00FD3E-E8DC-4D5A-9F26-EB17E5021AE7}.Debug|x86.ActiveCfg = Debug|x86
		{7B00FD3E-E8DC-4D5A-9F26-EB17E5021AE7}.Debug|x86.Build.0 = Debug|x86
		{7B00FD3E-E8DC-4D5A-9F26-EB17E5021AE7}.Release|x86.ActiveCfg = Release|x86
		{7B00FD3E-E8DC-4D5A-9F26-EB17E5021AE7}.Release|x86.Build.0 = Release|x86
	EndGlobalSection
	GlobalSection(SolutionProperties) = preSolution
		HideSolutionNode = FALSE
	EndGlobalSection
EndGlobal
